
Microsoft Visual Studio Solution File, Format Version 12.00
# Visual Studio 15
VisualStudioVersion = 15.0.26730.15
MinimumVisualStudioVersion = 10.0.40219.1
Project("{FAE04EC0-301F-11D3-BF4B-00C04F79EFBC}") = "RestDump", "RestDump\RestDump.csproj", "{66DCC75B-6012-4A6D-A3A5-6BD5AFE108C7}"
EndProject
Project("{FAE04EC0-301F-11D3-BF4B-00C04F79EFBC}") = "Poop", "Poop\Poop.csproj", "{7CA3FBAF-B82E-436D-A865-1AAE9AC8271B}"
EndProject
Global
	GlobalSection(SolutionConfigurationPlatforms) = preSolution
		Debug|Any CPU = Debug|Any CPU
		Release|Any CPU = Release|Any CPU
	EndGlobalSection
	GlobalSection(ProjectConfigurationPlatforms) = postSolution
		{66DCC75B-6012-4A6D-A3A5-6BD5AFE108C7}.Debug|Any CPU.ActiveCfg = Debug|Any CPU
		{66DCC75B-6012-4A6D-A3A5-6BD5AFE108C7}.Debug|Any CPU.Build.0 = Debug|Any CPU
		{66DCC75B-6012-4A6D-A3A5-6BD5AFE108C7}.Release|Any CPU.ActiveCfg = Release|Any CPU
		{66DCC75B-6012-4A6D-A3A5-6BD5AFE108C7}.Release|Any CPU.Build.0 = Release|Any CPU
		{7CA3FBAF-B82E-436D-A865-1AAE9AC8271B}.Debug|Any CPU.ActiveCfg = Debug|Any CPU
		{7CA3FBAF-B82E-436D-A865-1AAE9AC8271B}.Debug|Any CPU.Build.0 = Debug|Any CPU
		{7CA3FBAF-B82E-436D-A865-1AAE9AC8271B}.Release|Any CPU.ActiveCfg = Release|Any CPU
		{7CA3FBAF-B82E-436D-A865-1AAE9AC8271B}.Release|Any CPU.Build.0 = Release|Any CPU
	EndGlobalSection
	GlobalSection(SolutionProperties) = preSolution
		HideSolutionNode = FALSE
	EndGlobalSection
	GlobalSection(ExtensibilityGlobals) = postSolution
		SolutionGuid = {C4B2BEC0-4B86-42C3-8257-D06E1C1AABF1}
	EndGlobalSection
EndGlobal
